
Microsoft Visual Studio Solution File, Format Version 12.00
# Visual Studio Version 16
VisualStudioVersion = 25.0.1706.12
MinimumVisualStudioVersion = 10.0.40219.1
Project("{FAE04EC0-301F-11D3-BF4B-00C04F79EFBC}") = "DotNetTrainingBatch4.MvcChartApp", "DotNetTrainingBatch4.MvcChartApp.csproj", "{F2E31EB5-498C-4E1B-B08C-8DA191D92589}"
EndProject
Global
	GlobalSection(SolutionConfigurationPlatforms) = preSolution
		Debug|Any CPU = Debug|Any CPU
		Release|Any CPU = Release|Any CPU
	EndGlobalSection
	GlobalSection(ProjectConfigurationPlatforms) = postSolution
		{F2E31EB5-498C-4E1B-B08C-8DA191D92589}.Debug|Any CPU.ActiveCfg = Debug|Any CPU
		{F2E31EB5-498C-4E1B-B08C-8DA191D92589}.Debug|Any CPU.Build.0 = Debug|Any CPU
		{F2E31EB5-498C-4E1B-B08C-8DA191D92589}.Release|Any CPU.ActiveCfg = Release|Any CPU
		{F2E31EB5-498C-4E1B-B08C-8DA191D92589}.Release|Any CPU.Build.0 = Release|Any CPU
	EndGlobalSection
	GlobalSection(SolutionProperties) = preSolution
		HideSolutionNode = FALSE
	EndGlobalSection
	GlobalSection(ExtensibilityGlobals) = postSolution
		SolutionGuid = {092F9C97-5301-4A15-B80F-8BA2A9163A9A}
	EndGlobalSection
EndGlobal
