
Microsoft Visual Studio Solution File, Format Version 12.00
# Visual Studio Version 17
VisualStudioVersion = 17.10.34707.107
MinimumVisualStudioVersion = 10.0.40219.1
Project("{9A19103F-16F7-4668-BE54-9A1E7A4F7556}") = "DotNetTrainingBatch4.ConsoleApp", "DotNetTrainingBatch4.ConsoleApp\DotNetTrainingBatch4.ConsoleApp.csproj", "{3508A260-5ADA-4FA3-B0F0-1BFEF77AD2AA}"
EndProject
Project("{2150E333-8FDC-42A3-9474-1A3956D46DE8}") = "Documents", "Documents", "{F3BC4821-6835-462B-9107-67F703C456C7}"
	ProjectSection(SolutionItems) = preProject
		DotNetTrainingBatch4.sql = DotNetTrainingBatch4.sql
		README.md = README.md
	EndProjectSection
EndProject
Project("{9A19103F-16F7-4668-BE54-9A1E7A4F7556}") = "DotNetTrainingBatch4.RestApi", "DotNetTrainingBatch4.RestApi\DotNetTrainingBatch4.RestApi.csproj", "{2DD29145-8F92-461A-9AA6-C5B5F45C668E}"
EndProject
Project("{9A19103F-16F7-4668-BE54-9A1E7A4F7556}") = "DotNetTrainingBatch4.Shared", "DotNetTrainingBatch4.Shared\DotNetTrainingBatch4.Shared.csproj", "{0610EEB0-078C-4D78-953B-8DE7ACB967BD}"
EndProject
Project("{9A19103F-16F7-4668-BE54-9A1E7A4F7556}") = "DotNetTrainingBatch4.RestApiWithNLayer", "DotNetTrainingBatch4.RestApiWithNLayer\DotNetTrainingBatch4.RestApiWithNLayer.csproj", "{9E2796B0-D32E-4D43-B430-6FD2B3D9B3D5}"
EndProject
Project("{9A19103F-16F7-4668-BE54-9A1E7A4F7556}") = "DotNetTrainingBatch4.ConsoleAppHttpClient", "DotNetTrainingBatch4.ConsoleAppHttpClient\DotNetTrainingBatch4.ConsoleAppHttpClient.csproj", "{A235E6CC-6885-458A-8AA0-2A23FEBBA684}"
EndProject
Project("{9A19103F-16F7-4668-BE54-9A1E7A4F7556}") = "DotNetTrainingBatch4.ConsoleAppHttpClientExamples", "DotNetTrainingBatch4.ConsoleAppHttpClientExamples\DotNetTrainingBatch4.ConsoleAppHttpClientExamples.csproj", "{41349BB2-94DE-4414-8F87-1CFD24B2D610}"
EndProject
Project("{9A19103F-16F7-4668-BE54-9A1E7A4F7556}") = "DotNetTrainingBatch4.ConsoleAppRestClientExamples", "DotNetTrainingBatch4.ConsoleAppRestClientExamples\DotNetTrainingBatch4.ConsoleAppRestClientExamples.csproj", "{B5182384-2EA1-45E9-B72B-B98245FA28A3}"
EndProject
Project("{FAE04EC0-301F-11D3-BF4B-00C04F79EFBC}") = "DotNetTrainingBatch4.PizzaApi", "DotNetTrainingBatch4.PizzaApi\DotNetTrainingBatch4.PizzaApi.csproj", "{3353E9E7-7EF1-4781-BA08-3D80D28BB30B}"
EndProject
Global
	GlobalSection(SolutionConfigurationPlatforms) = preSolution
		Debug|Any CPU = Debug|Any CPU
		Release|Any CPU = Release|Any CPU
	EndGlobalSection
	GlobalSection(ProjectConfigurationPlatforms) = postSolution
		{3508A260-5ADA-4FA3-B0F0-1BFEF77AD2AA}.Debug|Any CPU.ActiveCfg = Debug|Any CPU
		{3508A260-5ADA-4FA3-B0F0-1BFEF77AD2AA}.Debug|Any CPU.Build.0 = Debug|Any CPU
		{3508A260-5ADA-4FA3-B0F0-1BFEF77AD2AA}.Release|Any CPU.ActiveCfg = Release|Any CPU
		{3508A260-5ADA-4FA3-B0F0-1BFEF77AD2AA}.Release|Any CPU.Build.0 = Release|Any CPU
		{2DD29145-8F92-461A-9AA6-C5B5F45C668E}.Debug|Any CPU.ActiveCfg = Debug|Any CPU
		{2DD29145-8F92-461A-9AA6-C5B5F45C668E}.Debug|Any CPU.Build.0 = Debug|Any CPU
		{2DD29145-8F92-461A-9AA6-C5B5F45C668E}.Release|Any CPU.ActiveCfg = Release|Any CPU
		{2DD29145-8F92-461A-9AA6-C5B5F45C668E}.Release|Any CPU.Build.0 = Release|Any CPU
		{0610EEB0-078C-4D78-953B-8DE7ACB967BD}.Debug|Any CPU.ActiveCfg = Debug|Any CPU
		{0610EEB0-078C-4D78-953B-8DE7ACB967BD}.Debug|Any CPU.Build.0 = Debug|Any CPU
		{0610EEB0-078C-4D78-953B-8DE7ACB967BD}.Release|Any CPU.ActiveCfg = Release|Any CPU
		{0610EEB0-078C-4D78-953B-8DE7ACB967BD}.Release|Any CPU.Build.0 = Release|Any CPU
		{9E2796B0-D32E-4D43-B430-6FD2B3D9B3D5}.Debug|Any CPU.ActiveCfg = Debug|Any CPU
		{9E2796B0-D32E-4D43-B430-6FD2B3D9B3D5}.Debug|Any CPU.Build.0 = Debug|Any CPU
		{9E2796B0-D32E-4D43-B430-6FD2B3D9B3D5}.Release|Any CPU.ActiveCfg = Release|Any CPU
		{9E2796B0-D32E-4D43-B430-6FD2B3D9B3D5}.Release|Any CPU.Build.0 = Release|Any CPU
		{A235E6CC-6885-458A-8AA0-2A23FEBBA684}.Debug|Any CPU.ActiveCfg = Debug|Any CPU
		{A235E6CC-6885-458A-8AA0-2A23FEBBA684}.Debug|Any CPU.Build.0 = Debug|Any CPU
		{A235E6CC-6885-458A-8AA0-2A23FEBBA684}.Release|Any CPU.ActiveCfg = Release|Any CPU
		{A235E6CC-6885-458A-8AA0-2A23FEBBA684}.Release|Any CPU.Build.0 = Release|Any CPU
		{41349BB2-94DE-4414-8F87-1CFD24B2D610}.Debug|Any CPU.ActiveCfg = Debug|Any CPU
		{41349BB2-94DE-4414-8F87-1CFD24B2D610}.Debug|Any CPU.Build.0 = Debug|Any CPU
		{41349BB2-94DE-4414-8F87-1CFD24B2D610}.Release|Any CPU.ActiveCfg = Release|Any CPU
		{41349BB2-94DE-4414-8F87-1CFD24B2D610}.Release|Any CPU.Build.0 = Release|Any CPU
		{B5182384-2EA1-45E9-B72B-B98245FA28A3}.Debug|Any CPU.ActiveCfg = Debug|Any CPU
		{B5182384-2EA1-45E9-B72B-B98245FA28A3}.Debug|Any CPU.Build.0 = Debug|Any CPU
		{B5182384-2EA1-45E9-B72B-B98245FA28A3}.Release|Any CPU.ActiveCfg = Release|Any CPU
		{B5182384-2EA1-45E9-B72B-B98245FA28A3}.Release|Any CPU.Build.0 = Release|Any CPU
		{3353E9E7-7EF1-4781-BA08-3D80D28BB30B}.Debug|Any CPU.ActiveCfg = Debug|Any CPU
		{3353E9E7-7EF1-4781-BA08-3D80D28BB30B}.Debug|Any CPU.Build.0 = Debug|Any CPU
		{3353E9E7-7EF1-4781-BA08-3D80D28BB30B}.Release|Any CPU.ActiveCfg = Release|Any CPU
		{3353E9E7-7EF1-4781-BA08-3D80D28BB30B}.Release|Any CPU.Build.0 = Release|Any CPU
	EndGlobalSection
	GlobalSection(SolutionProperties) = preSolution
		HideSolutionNode = FALSE
	EndGlobalSection
	GlobalSection(ExtensibilityGlobals) = postSolution
		SolutionGuid = {04F532D2-ABF5-431B-A8BF-1A3A90059205}
	EndGlobalSection
EndGlobal
