
Microsoft Visual Studio Solution File, Format Version 12.00
# Visual Studio Version 17
VisualStudioVersion = 17.10.34707.107
MinimumVisualStudioVersion = 10.0.40219.1
Project("{FAE04EC0-301F-11D3-BF4B-00C04F79EFBC}") = "DotNetTrainingBatch4.ConsoleApp", "DotNetTrainingBatch4.ConsoleApp\DotNetTrainingBatch4.ConsoleApp.csproj", "{3508A260-5ADA-4FA3-B0F0-1BFEF77AD2AA}"
EndProject
Global
	GlobalSection(SolutionConfigurationPlatforms) = preSolution
		Debug|Any CPU = Debug|Any CPU
		Release|Any CPU = Release|Any CPU
	EndGlobalSection
	GlobalSection(ProjectConfigurationPlatforms) = postSolution
		{3508A260-5ADA-4FA3-B0F0-1BFEF77AD2AA}.Debug|Any CPU.ActiveCfg = Debug|Any CPU
		{3508A260-5ADA-4FA3-B0F0-1BFEF77AD2AA}.Debug|Any CPU.Build.0 = Debug|Any CPU
		{3508A260-5ADA-4FA3-B0F0-1BFEF77AD2AA}.Release|Any CPU.ActiveCfg = Release|Any CPU
		{3508A260-5ADA-4FA3-B0F0-1BFEF77AD2AA}.Release|Any CPU.Build.0 = Release|Any CPU
	EndGlobalSection
	GlobalSection(SolutionProperties) = preSolution
		HideSolutionNode = FALSE
	EndGlobalSection
	GlobalSection(ExtensibilityGlobals) = postSolution
		SolutionGuid = {04F532D2-ABF5-431B-A8BF-1A3A90059205}
	EndGlobalSection
EndGlobal
